
Microsoft Visual Studio Solution File, Format Version 12.00
# Visual Studio Version 16
VisualStudioVersion = 16.0.28809.33
MinimumVisualStudioVersion = 10.0.40219.1
Project("{9A19103F-16F7-4668-BE54-9A1E7A4F7556}") = "WiredBrainCoffee.ShopInfoTool", "WiredBrainCoffee.ShopInfoTool\WiredBrainCoffee.ShopInfoTool.csproj", "{90D50C4C-6675-4889-9782-771DA4874A00}"
EndProject
Project("{FAE04EC0-301F-11D3-BF4B-00C04F79EFBC}") = "WiredBrainCoffee.DataAccess", "WiredBrainCoffee.DataAccess\WiredBrainCoffee.DataAccess.csproj", "{74FB5CB3-4C09-4E2B-8B22-C3C132D3D141}"
EndProject
Global
	GlobalSection(SolutionConfigurationPlatforms) = preSolution
		Debug|Any CPU = Debug|Any CPU
		Release|Any CPU = Release|Any CPU
	EndGlobalSection
	GlobalSection(ProjectConfigurationPlatforms) = postSolution
		{90D50C4C-6675-4889-9782-771DA4874A00}.Debug|Any CPU.ActiveCfg = Debug|Any CPU
		{90D50C4C-6675-4889-9782-771DA4874A00}.Debug|Any CPU.Build.0 = Debug|Any CPU
		{90D50C4C-6675-4889-9782-771DA4874A00}.Release|Any CPU.ActiveCfg = Release|Any CPU
		{90D50C4C-6675-4889-9782-771DA4874A00}.Release|Any CPU.Build.0 = Release|Any CPU
		{74FB5CB3-4C09-4E2B-8B22-C3C132D3D141}.Debug|Any CPU.ActiveCfg = Debug|Any CPU
		{74FB5CB3-4C09-4E2B-8B22-C3C132D3D141}.Debug|Any CPU.Build.0 = Debug|Any CPU
		{74FB5CB3-4C09-4E2B-8B22-C3C132D3D141}.Release|Any CPU.ActiveCfg = Release|Any CPU
		{74FB5CB3-4C09-4E2B-8B22-C3C132D3D141}.Release|Any CPU.Build.0 = Release|Any CPU
	EndGlobalSection
	GlobalSection(SolutionProperties) = preSolution
		HideSolutionNode = FALSE
	EndGlobalSection
	GlobalSection(ExtensibilityGlobals) = postSolution
		SolutionGuid = {152FE626-963E-457F-9145-6C3EDE9F7444}
	EndGlobalSection
EndGlobal
